// !$*UTF8*$!
{
	archiveVersion = 1;
	classes = {
	};
	objectVersion = 46;
	objects = {

/* Begin PBXBuildFile section */
		2443E8DA1D1BB4F800EDB587 /* AppDelegate.swift in Sources */ = {isa = PBXBuildFile; fileRef = 2443E8D91D1BB4F800EDB587 /* AppDelegate.swift */; };
		2443E8DC1D1BB4F800EDB587 /* ViewController.swift in Sources */ = {isa = PBXBuildFile; fileRef = 2443E8DB1D1BB4F800EDB587 /* ViewController.swift */; };
		2443E8DF1D1BB4F800EDB587 /* Main.storyboard in Resources */ = {isa = PBXBuildFile; fileRef = 2443E8DD1D1BB4F800EDB587 /* Main.storyboard */; };
		2443E8E11D1BB4F800EDB587 /* Assets.xcassets in Resources */ = {isa = PBXBuildFile; fileRef = 2443E8E01D1BB4F800EDB587 /* Assets.xcassets */; };
		2443E8E41D1BB4F800EDB587 /* LaunchScreen.storyboard in Resources */ = {isa = PBXBuildFile; fileRef = 2443E8E21D1BB4F800EDB587 /* LaunchScreen.storyboard */; };
		2443E8EF1D1BB4F800EDB587 /* AutolayoutCellDemoTests.swift in Sources */ = {isa = PBXBuildFile; fileRef = 2443E8EE1D1BB4F800EDB587 /* AutolayoutCellDemoTests.swift */; };
		2443E8FA1D1BB4F800EDB587 /* AutolayoutCellDemoUITests.swift in Sources */ = {isa = PBXBuildFile; fileRef = 2443E8F91D1BB4F800EDB587 /* AutolayoutCellDemoUITests.swift */; };
		2443E9081D1BC74500EDB587 /* CustomTableViewCell.swift in Sources */ = {isa = PBXBuildFile; fileRef = 2443E9071D1BC74500EDB587 /* CustomTableViewCell.swift */; };
/* End PBXBuildFile section */

/* Begin PBXContainerItemProxy section */
		2443E8EB1D1BB4F800EDB587 /* PBXContainerItemProxy */ = {
			isa = PBXContainerItemProxy;
			containerPortal = 2443E8CE1D1BB4F800EDB587 /* Project object */;
			proxyType = 1;
			remoteGlobalIDString = 2443E8D51D1BB4F800EDB587;
			remoteInfo = AutolayoutCellDemo;
		};
		2443E8F61D1BB4F800EDB587 /* PBXContainerItemProxy */ = {
			isa = PBXContainerItemProxy;
			containerPortal = 2443E8CE1D1BB4F800EDB587 /* Project object */;
			proxyType = 1;
			remoteGlobalIDString = 2443E8D51D1BB4F800EDB587;
			remoteInfo = AutolayoutCellDemo;
		};
/* End PBXContainerItemProxy section */

/* Begin PBXFileReference section */
		2443E8D61D1BB4F800EDB587 /* AutolayoutCellDemo.app */ = {isa = PBXFileReference; explicitFileType = wrapper.application; includeInIndex = 0; path = AutolayoutCellDemo.app; sourceTree = BUILT_PRODUCTS_DIR; };
		2443E8D91D1BB4F800EDB587 /* AppDelegate.swift */ = {isa = PBXFileReference; lastKnownFileType = sourcecode.swift; path = AppDelegate.swift; sourceTree = "<group>"; };
		2443E8DB1D1BB4F800EDB587 /* ViewController.swift */ = {isa = PBXFileReference; lastKnownFileType = sourcecode.swift; path = ViewController.swift; sourceTree = "<group>"; };
		2443E8DE1D1BB4F800EDB587 /* Base */ = {isa = PBXFileReference; lastKnownFileType = file.storyboard; name = Base; path = Base.lproj/Main.storyboard; sourceTree = "<group>"; };
		2443E8E01D1BB4F800EDB587 /* Assets.xcassets */ = {isa = PBXFileReference; lastKnownFileType = folder.assetcatalog; path = Assets.xcassets; sourceTree = "<group>"; };
		2443E8E31D1BB4F800EDB587 /* Base */ = {isa = PBXFileReference; lastKnownFileType = file.storyboard; name = Base; path = Base.lproj/LaunchScreen.storyboard; sourceTree = "<group>"; };
		2443E8E51D1BB4F800EDB587 /* Info.plist */ = {isa = PBXFileReference; lastKnownFileType = text.plist.xml; path = Info.plist; sourceTree = "<group>"; };
		2443E8EA1D1BB4F800EDB587 /* AutolayoutCellDemoTests.xctest */ = {isa = PBXFileReference; explicitFileType = wrapper.cfbundle; includeInIndex = 0; path = AutolayoutCellDemoTests.xctest; sourceTree = BUILT_PRODUCTS_DIR; };
		2443E8EE1D1BB4F800EDB587 /* AutolayoutCellDemoTests.swift */ = {isa = PBXFileReference; lastKnownFileType = sourcecode.swift; path = AutolayoutCellDemoTests.swift; sourceTree = "<group>"; };
		2443E8F01D1BB4F800EDB587 /* Info.plist */ = {isa = PBXFileReference; lastKnownFileType = text.plist.xml; path = Info.plist; sourceTree = "<group>"; };
		2443E8F51D1BB4F800EDB587 /* AutolayoutCellDemoUITests.xctest */ = {isa = PBXFileReference; explicitFileType = wrapper.cfbundle; includeInIndex = 0; path = AutolayoutCellDemoUITests.xctest; sourceTree = BUILT_PRODUCTS_DIR; };
		2443E8F91D1BB4F800EDB587 /* AutolayoutCellDemoUITests.swift */ = {isa = PBXFileReference; lastKnownFileType = sourcecode.swift; path = AutolayoutCellDemoUITests.swift; sourceTree = "<group>"; };
		2443E8FB1D1BB4F800EDB587 /* Info.plist */ = {isa = PBXFileReference; lastKnownFileType = text.plist.xml; path = Info.plist; sourceTree = "<group>"; };
		2443E9071D1BC74500EDB587 /* CustomTableViewCell.swift */ = {isa = PBXFileReference; fileEncoding = 4; lastKnownFileType = sourcecode.swift; path = CustomTableViewCell.swift; sourceTree = "<group>"; };
/* End PBXFileReference section */

/* Begin PBXFrameworksBuildPhase section */
		2443E8D31D1BB4F800EDB587 /* Frameworks */ = {
			isa = PBXFrameworksBuildPhase;
			buildActionMask = 2147483647;
			files = (
			);
			runOnlyForDeploymentPostprocessing = 0;
		};
		2443E8E71D1BB4F800EDB587 /* Frameworks */ = {
			isa = PBXFrameworksBuildPhase;
			buildActionMask = 2147483647;
			files = (
			);
			runOnlyForDeploymentPostprocessing = 0;
		};
		2443E8F21D1BB4F800EDB587 /* Frameworks */ = {
			isa = PBXFrameworksBuildPhase;
			buildActionMask = 2147483647;
			files = (
			);
			runOnlyForDeploymentPostprocessing = 0;
		};
/* End PBXFrameworksBuildPhase section */

/* Begin PBXGroup section */
		2443E8CD1D1BB4F800EDB587 = {
			isa = PBXGroup;
			children = (
				2443E8D81D1BB4F800EDB587 /* AutolayoutCellDemo */,
				2443E8ED1D1BB4F800EDB587 /* AutolayoutCellDemoTests */,
				2443E8F81D1BB4F800EDB587 /* AutolayoutCellDemoUITests */,
				2443E8D71D1BB4F800EDB587 /* Products */,
			);
			sourceTree = "<group>";
		};
		2443E8D71D1BB4F800EDB587 /* Products */ = {
			isa = PBXGroup;
			children = (
				2443E8D61D1BB4F800EDB587 /* AutolayoutCellDemo.app */,
				2443E8EA1D1BB4F800EDB587 /* AutolayoutCellDemoTests.xctest */,
				2443E8F51D1BB4F800EDB587 /* AutolayoutCellDemoUITests.xctest */,
			);
			name = Products;
			sourceTree = "<group>";
		};
		2443E8D81D1BB4F800EDB587 /* AutolayoutCellDemo */ = {
			isa = PBXGroup;
			children = (
				2443E8D91D1BB4F800EDB587 /* AppDelegate.swift */,
				2443E8DB1D1BB4F800EDB587 /* ViewController.swift */,
				2443E8DD1D1BB4F800EDB587 /* Main.storyboard */,
				2443E8E01D1BB4F800EDB587 /* Assets.xcassets */,
				2443E8E21D1BB4F800EDB587 /* LaunchScreen.storyboard */,
				2443E8E51D1BB4F800EDB587 /* Info.plist */,
				2443E9071D1BC74500EDB587 /* CustomTableViewCell.swift */,
			);
			path = AutolayoutCellDemo;
			sourceTree = "<group>";
		};
		2443E8ED1D1BB4F800EDB587 /* AutolayoutCellDemoTests */ = {
			isa = PBXGroup;
			children = (
				2443E8EE1D1BB4F800EDB587 /* AutolayoutCellDemoTests.swift */,
				2443E8F01D1BB4F800EDB587 /* Info.plist */,
			);
			path = AutolayoutCellDemoTests;
			sourceTree = "<group>";
		};
		2443E8F81D1BB4F800EDB587 /* AutolayoutCellDemoUITests */ = {
			isa = PBXGroup;
			children = (
				2443E8F91D1BB4F800EDB587 /* AutolayoutCellDemoUITests.swift */,
				2443E8FB1D1BB4F800EDB587 /* Info.plist */,
			);
			path = AutolayoutCellDemoUITests;
			sourceTree = "<group>";
		};
/* End PBXGroup section */

/* Begin PBXNativeTarget section */
		2443E8D51D1BB4F800EDB587 /* AutolayoutCellDemo */ = {
			isa = PBXNativeTarget;
			buildConfigurationList = 2443E8FE1D1BB4F800EDB587 /* Build configuration list for PBXNativeTarget "AutolayoutCellDemo" */;
			buildPhases = (
				2443E8D21D1BB4F800EDB587 /* Sources */,
				2443E8D31D1BB4F800EDB587 /* Frameworks */,
				2443E8D41D1BB4F800EDB587 /* Resources */,
			);
			buildRules = (
			);
			dependencies = (
			);
			name = AutolayoutCellDemo;
			productName = AutolayoutCellDemo;
			productReference = 2443E8D61D1BB4F800EDB587 /* AutolayoutCellDemo.app */;
			productType = "com.apple.product-type.application";
		};
		2443E8E91D1BB4F800EDB587 /* AutolayoutCellDemoTests */ = {
			isa = PBXNativeTarget;
			buildConfigurationList = 2443E9011D1BB4F800EDB587 /* Build configuration list for PBXNativeTarget "AutolayoutCellDemoTests" */;
			buildPhases = (
				2443E8E61D1BB4F800EDB587 /* Sources */,
				2443E8E71D1BB4F800EDB587 /* Frameworks */,
				2443E8E81D1BB4F800EDB587 /* Resources */,
			);
			buildRules = (
			);
			dependencies = (
				2443E8EC1D1BB4F800EDB587 /* PBXTargetDependency */,
			);
			name = AutolayoutCellDemoTests;
			productName = AutolayoutCellDemoTests;
			productReference = 2443E8EA1D1BB4F800EDB587 /* AutolayoutCellDemoTests.xctest */;
			productType = "com.apple.product-type.bundle.unit-test";
		};
		2443E8F41D1BB4F800EDB587 /* AutolayoutCellDemoUITests */ = {
			isa = PBXNativeTarget;
			buildConfigurationList = 2443E9041D1BB4F800EDB587 /* Build configuration list for PBXNativeTarget "AutolayoutCellDemoUITests" */;
			buildPhases = (
				2443E8F11D1BB4F800EDB587 /* Sources */,
				2443E8F21D1BB4F800EDB587 /* Frameworks */,
				2443E8F31D1BB4F800EDB587 /* Resources */,
			);
			buildRules = (
			);
			dependencies = (
				2443E8F71D1BB4F800EDB587 /* PBXTargetDependency */,
			);
			name = AutolayoutCellDemoUITests;
			productName = AutolayoutCellDemoUITests;
			productReference = 2443E8F51D1BB4F800EDB587 /* AutolayoutCellDemoUITests.xctest */;
			productType = "com.apple.product-type.bundle.ui-testing";
		};
/* End PBXNativeTarget section */

/* Begin PBXProject section */
		2443E8CE1D1BB4F800EDB587 /* Project object */ = {
			isa = PBXProject;
			attributes = {
				LastSwiftUpdateCheck = 0730;
				LastUpgradeCheck = 0730;
				ORGANIZATIONNAME = duanhongjin;
				TargetAttributes = {
					2443E8D51D1BB4F800EDB587 = {
						CreatedOnToolsVersion = 7.3.1;
					};
					2443E8E91D1BB4F800EDB587 = {
						CreatedOnToolsVersion = 7.3.1;
						TestTargetID = 2443E8D51D1BB4F800EDB587;
					};
					2443E8F41D1BB4F800EDB587 = {
						CreatedOnToolsVersion = 7.3.1;
						TestTargetID = 2443E8D51D1BB4F800EDB587;
					};
				};
			};
			buildConfigurationList = 2443E8D11D1BB4F800EDB587 /* Build configuration list for PBXProject "AutolayoutCellDemo" */;
			compatibilityVersion = "Xcode 3.2";
			developmentRegion = English;
			hasScannedForEncodings = 0;
			knownRegions = (
				en,
				Base,
			);
			mainGroup = 2443E8CD1D1BB4F800EDB587;
			productRefGroup = 2443E8D71D1BB4F800EDB587 /* Products */;
			projectDirPath = "";
			projectRoot = "";
			targets = (
				2443E8D51D1BB4F800EDB587 /* AutolayoutCellDemo */,
				2443E8E91D1BB4F800EDB587 /* AutolayoutCellDemoTests */,
				2443E8F41D1BB4F800EDB587 /* AutolayoutCellDemoUITests */,
			);
		};
/* End PBXProject section */

/* Begin PBXResourcesBuildPhase section */
		2443E8D41D1BB4F800EDB587 /* Resources */ = {
			isa = PBXResourcesBuildPhase;
			buildActionMask = 2147483647;
			files = (
				2443E8E41D1BB4F800EDB587 /* LaunchScreen.storyboard in Resources */,
				2443E8E11D1BB4F800EDB587 /* Assets.xcassets in Resources */,
				2443E8DF1D1BB4F800EDB587 /* Main.storyboard in Resources */,
			);
			runOnlyForDeploymentPostprocessing = 0;
		};
		2443E8E81D1BB4F800EDB587 /* Resources */ = {
			isa = PBXResourcesBuildPhase;
			buildActionMask = 2147483647;
			files = (
			);
			runOnlyForDeploymentPostprocessing = 0;
		};
		2443E8F31D1BB4F800EDB587 /* Resources */ = {
			isa = PBXResourcesBuildPhase;
			buildActionMask = 2147483647;
			files = (
			);
			runOnlyForDeploymentPostprocessing = 0;
		};
/* End PBXResourcesBuildPhase section */

/* Begin PBXSourcesBuildPhase section */
		2443E8D21D1BB4F800EDB587 /* Sources */ = {
			isa = PBXSourcesBuildPhase;
			buildActionMask = 2147483647;
			files = (
				2443E9081D1BC74500EDB587 /* CustomTableViewCell.swift in Sources */,
				2443E8DC1D1BB4F800EDB587 /* ViewController.swift in Sources */,
				2443E8DA1D1BB4F800EDB587 /* AppDelegate.swift in Sources */,
			);
			runOnlyForDeploymentPostprocessing = 0;
		};
		2443E8E61D1BB4F800EDB587 /* Sources */ = {
			isa = PBXSourcesBuildPhase;
			buildActionMask = 2147483647;
			files = (
				2443E8EF1D1BB4F800EDB587 /* AutolayoutCellDemoTests.swift in Sources */,
			);
			runOnlyForDeploymentPostprocessing = 0;
		};
		2443E8F11D1BB4F800EDB587 /* Sources */ = {
			isa = PBXSourcesBuildPhase;
			buildActionMask = 2147483647;
			files = (
				2443E8FA1D1BB4F800EDB587 /* AutolayoutCellDemoUITests.swift in Sources */,
			);
			runOnlyForDeploymentPostprocessing = 0;
		};
/* End PBXSourcesBuildPhase section */

/* Begin PBXTargetDependency section */
		2443E8EC1D1BB4F800EDB587 /* PBXTargetDependency */ = {
			isa = PBXTargetDependency;
			target = 2443E8D51D1BB4F800EDB587 /* AutolayoutCellDemo */;
			targetProxy = 2443E8EB1D1BB4F800EDB587 /* PBXContainerItemProxy */;
		};
		2443E8F71D1BB4F800EDB587 /* PBXTargetDependency */ = {
			isa = PBXTargetDependency;
			target = 2443E8D51D1BB4F800EDB587 /* AutolayoutCellDemo */;
			targetProxy = 2443E8F61D1BB4F800EDB587 /* PBXContainerItemProxy */;
		};
/* End PBXTargetDependency section */

/* Begin PBXVariantGroup section */
		2443E8DD1D1BB4F800EDB587 /* Main.storyboard */ = {
			isa = PBXVariantGroup;
			children = (
				2443E8DE1D1BB4F800EDB587 /* Base */,
			);
			name = Main.storyboard;
			sourceTree = "<group>";
		};
		2443E8E21D1BB4F800EDB587 /* LaunchScreen.storyboard */ = {
			isa = PBXVariantGroup;
			children = (
				2443E8E31D1BB4F800EDB587 /* Base */,
			);
			name = LaunchScreen.storyboard;
			sourceTree = "<group>";
		};
/* End PBXVariantGroup section */

/* Begin XCBuildConfiguration section */
		2443E8FC1D1BB4F800EDB587 /* Debug */ = {
			isa = XCBuildConfiguration;
			buildSettings = {
				ALWAYS_SEARCH_USER_PATHS = NO;
				CLANG_ANALYZER_NONNULL = YES;
				CLANG_CXX_LANGUAGE_STANDARD = "gnu++0x";
				CLANG_CXX_LIBRARY = "libc++";
				CLANG_ENABLE_MODULES = YES;
				CLANG_ENABLE_OBJC_ARC = YES;
				CLANG_WARN_BOOL_CONVERSION = YES;
				CLANG_WARN_CONSTANT_CONVERSION = YES;
				CLANG_WARN_DIRECT_OBJC_ISA_USAGE = YES_ERROR;
				CLANG_WARN_EMPTY_BODY = YES;
				CLANG_WARN_ENUM_CONVERSION = YES;
				CLANG_WARN_INT_CONVERSION = YES;
				CLANG_WARN_OBJC_ROOT_CLASS = YES_ERROR;
				CLANG_WARN_UNREACHABLE_CODE = YES;
				CLANG_WARN__DUPLICATE_METHOD_MATCH = YES;
				"CODE_SIGN_IDENTITY[sdk=iphoneos*]" = "iPhone Developer";
				COPY_PHASE_STRIP = NO;
				DEBUG_INFORMATION_FORMAT = dwarf;
				ENABLE_STRICT_OBJC_MSGSEND = YES;
				ENABLE_TESTABILITY = YES;
				GCC_C_LANGUAGE_STANDARD = gnu99;
				GCC_DYNAMIC_NO_PIC = NO;
				GCC_NO_COMMON_BLOCKS = YES;
				GCC_OPTIMIZATION_LEVEL = 0;
				GCC_PREPROCESSOR_DEFINITIONS = (
					"DEBUG=1",
					"$(inherited)",
				);
				GCC_WARN_64_TO_32_BIT_CONVERSION = YES;
				GCC_WARN_ABOUT_RETURN_TYPE = YES_ERROR;
				GCC_WARN_UNDECLARED_SELECTOR = YES;
				GCC_WARN_UNINITIALIZED_AUTOS = YES_AGGRESSIVE;
				GCC_WARN_UNUSED_FUNCTION = YES;
				GCC_WARN_UNUSED_VARIABLE = YES;
				IPHONEOS_DEPLOYMENT_TARGET = 9.3;
				MTL_ENABLE_DEBUG_INFO = YES;
				ONLY_ACTIVE_ARCH = YES;
				SDKROOT = iphoneos;
				SWIFT_OPTIMIZATION_LEVEL = "-Onone";
			};
			name = Debug;
		};
		2443E8FD1D1BB4F800EDB587 /* Release */ = {
			isa = XCBuildConfiguration;
			buildSettings = {
				ALWAYS_SEARCH_USER_PATHS = NO;
				CLANG_ANALYZER_NONNULL = YES;
				CLANG_CXX_LANGUAGE_STANDARD = "gnu++0x";
				CLANG_CXX_LIBRARY = "libc++";
				CLANG_ENABLE_MODULES = YES;
				CLANG_ENABLE_OBJC_ARC = YES;
				CLANG_WARN_BOOL_CONVERSION = YES;
				CLANG_WARN_CONSTANT_CONVERSION = YES;
				CLANG_WARN_DIRECT_OBJC_ISA_USAGE = YES_ERROR;
				CLANG_WARN_EMPTY_BODY = YES;
				CLANG_WARN_ENUM_CONVERSION = YES;
				CLANG_WARN_INT_CONVERSION = YES;
				CLANG_WARN_OBJC_ROOT_CLASS = YES_ERROR;
				CLANG_WARN_UNREACHABLE_CODE = YES;
				CLANG_WARN__DUPLICATE_METHOD_MATCH = YES;
				"CODE_SIGN_IDENTITY[sdk=iphoneos*]" = "iPhone Developer";
				COPY_PHASE_STRIP = NO;
				DEBUG_INFORMATION_FORMAT = "dwarf-with-dsym";
				ENABLE_NS_ASSERTIONS = NO;
				ENABLE_STRICT_OBJC_MSGSEND = YES;
				GCC_C_LANGUAGE_STANDARD = gnu99;
				GCC_NO_COMMON_BLOCKS = YES;
				GCC_WARN_64_TO_32_BIT_CONVERSION = YES;
				GCC_WARN_ABOUT_RETURN_TYPE = YES_ERROR;
				GCC_WARN_UNDECLARED_SELECTOR = YES;
				GCC_WARN_UNINITIALIZED_AUTOS = YES_AGGRESSIVE;
				GCC_WARN_UNUSED_FUNCTION = YES;
				GCC_WARN_UNUSED_VARIABLE = YES;
				IPHONEOS_DEPLOYMENT_TARGET = 9.3;
				MTL_ENABLE_DEBUG_INFO = NO;
				SDKROOT = iphoneos;
				VALIDATE_PRODUCT = YES;
			};
			name = Release;
		};
		2443E8FF1D1BB4F800EDB587 /* Debug */ = {
			isa = XCBuildConfiguration;
			buildSettings = {
				ASSETCATALOG_COMPILER_APPICON_NAME = AppIcon;
				INFOPLIST_FILE = AutolayoutCellDemo/Info.plist;
				LD_RUNPATH_SEARCH_PATHS = "$(inherited) @executable_path/Frameworks";
				PRODUCT_BUNDLE_IDENTIFIER = com.duanhongjin.AutolayoutCellDemo;
				PRODUCT_NAME = "$(TARGET_NAME)";
			};
			name = Debug;
		};
		2443E9001D1BB4F800EDB587 /* Release */ = {
			isa = XCBuildConfiguration;
			buildSettings = {
				ASSETCATALOG_COMPILER_APPICON_NAME = AppIcon;
				INFOPLIST_FILE = AutolayoutCellDemo/Info.plist;
				LD_RUNPATH_SEARCH_PATHS = "$(inherited) @executable_path/Frameworks";
				PRODUCT_BUNDLE_IDENTIFIER = com.duanhongjin.AutolayoutCellDemo;
				PRODUCT_NAME = "$(TARGET_NAME)";
			};
			name = Release;
		};
		2443E9021D1BB4F800EDB587 /* Debug */ = {
			isa = XCBuildConfiguration;
			buildSettings = {
				BUNDLE_LOADER = "$(TEST_HOST)";
				INFOPLIST_FILE = AutolayoutCellDemoTests/Info.plist;
				LD_RUNPATH_SEARCH_PATHS = "$(inherited) @executable_path/Frameworks @loader_path/Frameworks";
				PRODUCT_BUNDLE_IDENTIFIER = com.duanhongjin.AutolayoutCellDemoTests;
				PRODUCT_NAME = "$(TARGET_NAME)";
				TEST_HOST = "$(BUILT_PRODUCTS_DIR)/AutolayoutCellDemo.app/AutolayoutCellDemo";
			};
			name = Debug;
		};
		2443E9031D1BB4F800EDB587 /* Release */ = {
			isa = XCBuildConfiguration;
			buildSettings = {
				BUNDLE_LOADER = "$(TEST_HOST)";
				INFOPLIST_FILE = AutolayoutCellDemoTests/Info.plist;
				LD_RUNPATH_SEARCH_PATHS = "$(inherited) @executable_path/Frameworks @loader_path/Frameworks";
				PRODUCT_BUNDLE_IDENTIFIER = com.duanhongjin.AutolayoutCellDemoTests;
				PRODUCT_NAME = "$(TARGET_NAME)";
				TEST_HOST = "$(BUILT_PRODUCTS_DIR)/AutolayoutCellDemo.app/AutolayoutCellDemo";
			};
			name = Release;
		};
		2443E9051D1BB4F800EDB587 /* Debug */ = {
			isa = XCBuildConfiguration;
			buildSettings = {
				INFOPLIST_FILE = AutolayoutCellDemoUITests/Info.plist;
				LD_RUNPATH_SEARCH_PATHS = "$(inherited) @executable_path/Frameworks @loader_path/Frameworks";
				PRODUCT_BUNDLE_IDENTIFIER = com.duanhongjin.AutolayoutCellDemoUITests;
				PRODUCT_NAME = "$(TARGET_NAME)";
				TEST_TARGET_NAME = AutolayoutCellDemo;
			};
			name = Debug;
		};
		2443E9061D1BB4F800EDB587 /* Release */ = {
			isa = XCBuildConfiguration;
			buildSettings = {
				INFOPLIST_FILE = AutolayoutCellDemoUITests/Info.plist;
				LD_RUNPATH_SEARCH_PATHS = "$(inherited) @executable_path/Frameworks @loader_path/Frameworks";
				PRODUCT_BUNDLE_IDENTIFIER = com.duanhongjin.AutolayoutCellDemoUITests;
				PRODUCT_NAME = "$(TARGET_NAME)";
				TEST_TARGET_NAME = AutolayoutCellDemo;
			};
			name = Release;
		};
/* End XCBuildConfiguration section */

/* Begin XCConfigurationList section */
		2443E8D11D1BB4F800EDB587 /* Build configuration list for PBXProject "AutolayoutCellDemo" */ = {
			isa = XCConfigurationList;
			buildConfigurations = (
				2443E8FC1D1BB4F800EDB587 /* Debug */,
				2443E8FD1D1BB4F800EDB587 /* Release */,
			);
			defaultConfigurationIsVisible = 0;
			defaultConfigurationName = Release;
		};
		2443E8FE1D1BB4F800EDB587 /* Build configuration list for PBXNativeTarget "AutolayoutCellDemo" */ = {
			isa = XCConfigurationList;
			buildConfigurations = (
				2443E8FF1D1BB4F800EDB587 /* Debug */,
				2443E9001D1BB4F800EDB587 /* Release */,
			);
			defaultConfigurationIsVisible = 0;
			defaultConfigurationName = Release;
		};
		2443E9011D1BB4F800EDB587 /* Build configuration list for PBXNativeTarget "AutolayoutCellDemoTests" */ = {
			isa = XCConfigurationList;
			buildConfigurations = (
				2443E9021D1BB4F800EDB587 /* Debug */,
				2443E9031D1BB4F800EDB587 /* Release */,
			);
			defaultConfigurationIsVisible = 0;
			defaultConfigurationName = Release;
		};
		2443E9041D1BB4F800EDB587 /* Build configuration list for PBXNativeTarget "AutolayoutCellDemoUITests" */ = {
			isa = XCConfigurationList;
			buildConfigurations = (
				2443E9051D1BB4F800EDB587 /* Debug */,
				2443E9061D1BB4F800EDB587 /* Release */,
			);
			defaultConfigurationIsVisible = 0;
			defaultConfigurationName = Release;
		};
/* End XCConfigurationList section */
	};
	rootObject = 2443E8CE1D1BB4F800EDB587 /* Project object */;
}
